// !$*UTF8*$!
{
	archiveVersion = 1;
	classes = {
	};
	objectVersion = 51;
	objects = {

/* Begin PBXBuildFile section */
		7F0E028123F30BDE009131E0 /* DataModel.swift in Sources */ = {isa = PBXBuildFile; fileRef = 7F0E028023F30BDE009131E0 /* DataModel.swift */; };
		7F2B25CF23DF628400CE04C9 /* AppDelegate.swift in Sources */ = {isa = PBXBuildFile; fileRef = 7F2B25CE23DF628400CE04C9 /* AppDelegate.swift */; };
		7F2B25D123DF628400CE04C9 /* ViewController.swift in Sources */ = {isa = PBXBuildFile; fileRef = 7F2B25D023DF628400CE04C9 /* ViewController.swift */; };
		7F2B25D423DF628400CE04C9 /* Main.storyboard in Resources */ = {isa = PBXBuildFile; fileRef = 7F2B25D223DF628400CE04C9 /* Main.storyboard */; };
		7F2B25D623DF628600CE04C9 /* Assets.xcassets in Resources */ = {isa = PBXBuildFile; fileRef = 7F2B25D523DF628600CE04C9 /* Assets.xcassets */; };
		7F2B25D923DF628600CE04C9 /* LaunchScreen.storyboard in Resources */ = {isa = PBXBuildFile; fileRef = 7F2B25D723DF628600CE04C9 /* LaunchScreen.storyboard */; };
		7F6DFE8623FAFF220033EF3C /* StatisticsController.swift in Sources */ = {isa = PBXBuildFile; fileRef = 7F6DFE8523FAFF220033EF3C /* StatisticsController.swift */; };
		7F6DFE8823FB070E0033EF3C /* test.png in Resources */ = {isa = PBXBuildFile; fileRef = 7F6DFE8723FB070E0033EF3C /* test.png */; };
		7FBCC26823F7169E000C4CE0 /* Control.swift in Sources */ = {isa = PBXBuildFile; fileRef = 7FBCC26723F7169E000C4CE0 /* Control.swift */; };
		7FC2445023E88CDE00AEEEC4 /* LoginPageViewController.swift in Sources */ = {isa = PBXBuildFile; fileRef = 7FC2444F23E88CDE00AEEEC4 /* LoginPageViewController.swift */; };
		7FC2445223E8900300AEEEC4 /* DataHelpers.swift in Sources */ = {isa = PBXBuildFile; fileRef = 7FC2445123E8900300AEEEC4 /* DataHelpers.swift */; };
		7FC2445423E8909900AEEEC4 /* RegisterPageViewController.swift in Sources */ = {isa = PBXBuildFile; fileRef = 7FC2445323E8909900AEEEC4 /* RegisterPageViewController.swift */; };
		7FC2445623E892CA00AEEEC4 /* RecoverPageViewController.swift in Sources */ = {isa = PBXBuildFile; fileRef = 7FC2445523E892CA00AEEEC4 /* RecoverPageViewController.swift */; };
		7FC2445823E89C6300AEEEC4 /* User.swift in Sources */ = {isa = PBXBuildFile; fileRef = 7FC2445723E89C6300AEEEC4 /* User.swift */; };
		7FC2445A23E89DB500AEEEC4 /* Register.swift in Sources */ = {isa = PBXBuildFile; fileRef = 7FC2445923E89DB500AEEEC4 /* Register.swift */; };
		7FC2445C23E8A9DD00AEEEC4 /* AppList.swift in Sources */ = {isa = PBXBuildFile; fileRef = 7FC2445B23E8A9DD00AEEEC4 /* AppList.swift */; };
		7FC2445E23E8AA0F00AEEEC4 /* DetailViewController.swift in Sources */ = {isa = PBXBuildFile; fileRef = 7FC2445D23E8AA0F00AEEEC4 /* DetailViewController.swift */; };
		7FC2446023E8AA3F00AEEEC4 /* AppsCollectionViewCell.swift in Sources */ = {isa = PBXBuildFile; fileRef = 7FC2445F23E8AA3F00AEEEC4 /* AppsCollectionViewCell.swift */; };
		7FEA9F1C23F1D66200A44702 /* UserProfileViewController.swift in Sources */ = {isa = PBXBuildFile; fileRef = 7FEA9F1B23F1D66200A44702 /* UserProfileViewController.swift */; };
		7FF3C81623F46131005DC6D4 /* AppsTableViewCell.swift in Sources */ = {isa = PBXBuildFile; fileRef = 7FF3C81523F46131005DC6D4 /* AppsTableViewCell.swift */; };
		7FF3C81A23F46E48005DC6D4 /* TimeControllViewController.swift in Sources */ = {isa = PBXBuildFile; fileRef = 7FF3C81923F46E48005DC6D4 /* TimeControllViewController.swift */; };
		7FFC9CDD23F5CBD000DC1193 /* MapViewController.swift in Sources */ = {isa = PBXBuildFile; fileRef = 7FFC9CDC23F5CBD000DC1193 /* MapViewController.swift */; };
		7FFC9CE823F5D00E00DC1193 /* BarView.swift in Sources */ = {isa = PBXBuildFile; fileRef = 7FFC9CE623F5D00E00DC1193 /* BarView.swift */; };
		7FFC9CE923F5D00E00DC1193 /* StackViewBarChart.swift in Sources */ = {isa = PBXBuildFile; fileRef = 7FFC9CE723F5D00E00DC1193 /* StackViewBarChart.swift */; };
		973D1655F481A2F4D44CFA63 /* Pods_bienestarDiana.framework in Frameworks */ = {isa = PBXBuildFile; fileRef = 1F91D028AFDADEFEB57EC4D0 /* Pods_bienestarDiana.framework */; };
/* End PBXBuildFile section */

/* Begin PBXFileReference section */
		0B00D89C42AA8161F3D7901D /* Pods-bienestarDiana.release.xcconfig */ = {isa = PBXFileReference; includeInIndex = 1; lastKnownFileType = text.xcconfig; name = "Pods-bienestarDiana.release.xcconfig"; path = "Target Support Files/Pods-bienestarDiana/Pods-bienestarDiana.release.xcconfig"; sourceTree = "<group>"; };
		1F91D028AFDADEFEB57EC4D0 /* Pods_bienestarDiana.framework */ = {isa = PBXFileReference; explicitFileType = wrapper.framework; includeInIndex = 0; path = Pods_bienestarDiana.framework; sourceTree = BUILT_PRODUCTS_DIR; };
		4B5A6143515343EFB70D2B08 /* Pods-bienestarDiana.debug.xcconfig */ = {isa = PBXFileReference; includeInIndex = 1; lastKnownFileType = text.xcconfig; name = "Pods-bienestarDiana.debug.xcconfig"; path = "Target Support Files/Pods-bienestarDiana/Pods-bienestarDiana.debug.xcconfig"; sourceTree = "<group>"; };
		7F0E028023F30BDE009131E0 /* DataModel.swift */ = {isa = PBXFileReference; lastKnownFileType = sourcecode.swift; path = DataModel.swift; sourceTree = "<group>"; };
		7F2B25CB23DF628400CE04C9 /* bienestarDiana.app */ = {isa = PBXFileReference; explicitFileType = wrapper.application; includeInIndex = 0; path = bienestarDiana.app; sourceTree = BUILT_PRODUCTS_DIR; };
		7F2B25CE23DF628400CE04C9 /* AppDelegate.swift */ = {isa = PBXFileReference; lastKnownFileType = sourcecode.swift; path = AppDelegate.swift; sourceTree = "<group>"; };
		7F2B25D023DF628400CE04C9 /* ViewController.swift */ = {isa = PBXFileReference; lastKnownFileType = sourcecode.swift; path = ViewController.swift; sourceTree = "<group>"; };
		7F2B25D323DF628400CE04C9 /* Base */ = {isa = PBXFileReference; lastKnownFileType = file.storyboard; name = Base; path = Base.lproj/Main.storyboard; sourceTree = "<group>"; };
		7F2B25D523DF628600CE04C9 /* Assets.xcassets */ = {isa = PBXFileReference; lastKnownFileType = folder.assetcatalog; path = Assets.xcassets; sourceTree = "<group>"; };
		7F2B25D823DF628600CE04C9 /* Base */ = {isa = PBXFileReference; lastKnownFileType = file.storyboard; name = Base; path = Base.lproj/LaunchScreen.storyboard; sourceTree = "<group>"; };
		7F2B25DA23DF628600CE04C9 /* Info.plist */ = {isa = PBXFileReference; lastKnownFileType = text.plist.xml; path = Info.plist; sourceTree = "<group>"; };
		7F6DFE8523FAFF220033EF3C /* StatisticsController.swift */ = {isa = PBXFileReference; lastKnownFileType = sourcecode.swift; path = StatisticsController.swift; sourceTree = "<group>"; };
		7F6DFE8723FB070E0033EF3C /* test.png */ = {isa = PBXFileReference; lastKnownFileType = image.png; name = test.png; path = "../../../../CSPieChart-master/Example/CSPieChart/test.png"; sourceTree = "<group>"; };
		7FBCC26723F7169E000C4CE0 /* Control.swift */ = {isa = PBXFileReference; lastKnownFileType = sourcecode.swift; path = Control.swift; sourceTree = "<group>"; };
		7FC2444F23E88CDE00AEEEC4 /* LoginPageViewController.swift */ = {isa = PBXFileReference; lastKnownFileType = sourcecode.swift; path = LoginPageViewController.swift; sourceTree = "<group>"; };
		7FC2445123E8900300AEEEC4 /* DataHelpers.swift */ = {isa = PBXFileReference; lastKnownFileType = sourcecode.swift; path = DataHelpers.swift; sourceTree = "<group>"; };
		7FC2445323E8909900AEEEC4 /* RegisterPageViewController.swift */ = {isa = PBXFileReference; lastKnownFileType = sourcecode.swift; path = RegisterPageViewController.swift; sourceTree = "<group>"; };
		7FC2445523E892CA00AEEEC4 /* RecoverPageViewController.swift */ = {isa = PBXFileReference; lastKnownFileType = sourcecode.swift; path = RecoverPageViewController.swift; sourceTree = "<group>"; };
		7FC2445723E89C6300AEEEC4 /* User.swift */ = {isa = PBXFileReference; lastKnownFileType = sourcecode.swift; path = User.swift; sourceTree = "<group>"; };
		7FC2445923E89DB500AEEEC4 /* Register.swift */ = {isa = PBXFileReference; lastKnownFileType = sourcecode.swift; path = Register.swift; sourceTree = "<group>"; };
		7FC2445B23E8A9DD00AEEEC4 /* AppList.swift */ = {isa = PBXFileReference; lastKnownFileType = sourcecode.swift; path = AppList.swift; sourceTree = "<group>"; };
		7FC2445D23E8AA0F00AEEEC4 /* DetailViewController.swift */ = {isa = PBXFileReference; lastKnownFileType = sourcecode.swift; path = DetailViewController.swift; sourceTree = "<group>"; };
		7FC2445F23E8AA3F00AEEEC4 /* AppsCollectionViewCell.swift */ = {isa = PBXFileReference; lastKnownFileType = sourcecode.swift; path = AppsCollectionViewCell.swift; sourceTree = "<group>"; };
		7FEA9F1B23F1D66200A44702 /* UserProfileViewController.swift */ = {isa = PBXFileReference; lastKnownFileType = sourcecode.swift; path = UserProfileViewController.swift; sourceTree = "<group>"; };
		7FF3C81523F46131005DC6D4 /* AppsTableViewCell.swift */ = {isa = PBXFileReference; lastKnownFileType = sourcecode.swift; path = AppsTableViewCell.swift; sourceTree = "<group>"; };
		7FF3C81923F46E48005DC6D4 /* TimeControllViewController.swift */ = {isa = PBXFileReference; lastKnownFileType = sourcecode.swift; path = TimeControllViewController.swift; sourceTree = "<group>"; };
		7FFC9CDC23F5CBD000DC1193 /* MapViewController.swift */ = {isa = PBXFileReference; lastKnownFileType = sourcecode.swift; path = MapViewController.swift; sourceTree = "<group>"; };
		7FFC9CE623F5D00E00DC1193 /* BarView.swift */ = {isa = PBXFileReference; lastKnownFileType = sourcecode.swift; path = BarView.swift; sourceTree = "<group>"; };
		7FFC9CE723F5D00E00DC1193 /* StackViewBarChart.swift */ = {isa = PBXFileReference; lastKnownFileType = sourcecode.swift; path = StackViewBarChart.swift; sourceTree = "<group>"; };
		7FFC9CEE23F5D03100DC1193 /* usage.csv */ = {isa = PBXFileReference; lastKnownFileType = text; path = usage.csv; sourceTree = "<group>"; };
/* End PBXFileReference section */

/* Begin PBXFrameworksBuildPhase section */
		7F2B25C823DF628400CE04C9 /* Frameworks */ = {
			isa = PBXFrameworksBuildPhase;
			buildActionMask = 2147483647;
			files = (
				973D1655F481A2F4D44CFA63 /* Pods_bienestarDiana.framework in Frameworks */,
			);
			runOnlyForDeploymentPostprocessing = 0;
		};
/* End PBXFrameworksBuildPhase section */

/* Begin PBXGroup section */
		7F2B25C223DF628400CE04C9 = {
			isa = PBXGroup;
			children = (
				7F2B25CD23DF628400CE04C9 /* bienestarDiana */,
				7F2B25CC23DF628400CE04C9 /* Products */,
				FBC26FE68C2994E3E7B47DBB /* Pods */,
				82A156B3CA5F425F0364386B /* Frameworks */,
			);
			sourceTree = "<group>";
		};
		7F2B25CC23DF628400CE04C9 /* Products */ = {
			isa = PBXGroup;
			children = (
				7F2B25CB23DF628400CE04C9 /* bienestarDiana.app */,
			);
			name = Products;
			sourceTree = "<group>";
		};
		7F2B25CD23DF628400CE04C9 /* bienestarDiana */ = {
			isa = PBXGroup;
			children = (
				7F2B25DA23DF628600CE04C9 /* Info.plist */,
				7F2B25D523DF628600CE04C9 /* Assets.xcassets */,
				7F2B25D023DF628400CE04C9 /* ViewController.swift */,
				7F2B25CE23DF628400CE04C9 /* AppDelegate.swift */,
				7F2B25D223DF628400CE04C9 /* Main.storyboard */,
				7F2B25D723DF628600CE04C9 /* LaunchScreen.storyboard */,
				7F6DFE8923FB141D0033EF3C /* Statistics */,
				7F69A46B23FADD3600B323D0 /* Map */,
				7F69A46A23FADD1D00B323D0 /* Time Controller */,
				7FFC9CE323F5CF9800DC1193 /* Utils */,
				7FFC9CE523F5CFF400DC1193 /* AppsDetail */,
				7FFC9CE423F5CFDB00DC1193 /* AppsList */,
				7FFC9CE223F5CF8000DC1193 /* UserManagement */,
			);
			path = bienestarDiana;
			sourceTree = "<group>";
		};
		7F69A46A23FADD1D00B323D0 /* Time Controller */ = {
			isa = PBXGroup;
			children = (
				7FF3C81923F46E48005DC6D4 /* TimeControllViewController.swift */,
				7FBCC26723F7169E000C4CE0 /* Control.swift */,
			);
			path = "Time Controller";
			sourceTree = "<group>";
		};
		7F69A46B23FADD3600B323D0 /* Map */ = {
			isa = PBXGroup;
			children = (
				7FFC9CDC23F5CBD000DC1193 /* MapViewController.swift */,
			);
			path = Map;
			sourceTree = "<group>";
		};
		7F6DFE8923FB141D0033EF3C /* Statistics */ = {
			isa = PBXGroup;
			children = (
				7F6DFE8523FAFF220033EF3C /* StatisticsController.swift */,
			);
			path = Statistics;
			sourceTree = "<group>";
		};
		7FFC9CE223F5CF8000DC1193 /* UserManagement */ = {
			isa = PBXGroup;
			children = (
				7FEA9F1B23F1D66200A44702 /* UserProfileViewController.swift */,
				7FC2445923E89DB500AEEEC4 /* Register.swift */,
				7FC2445723E89C6300AEEEC4 /* User.swift */,
				7FC2444F23E88CDE00AEEEC4 /* LoginPageViewController.swift */,
				7FC2445323E8909900AEEEC4 /* RegisterPageViewController.swift */,
				7FC2445523E892CA00AEEEC4 /* RecoverPageViewController.swift */,
			);
			path = UserManagement;
			sourceTree = "<group>";
		};
		7FFC9CE323F5CF9800DC1193 /* Utils */ = {
			isa = PBXGroup;
			children = (
				7F6DFE8723FB070E0033EF3C /* test.png */,
				7FFC9CEE23F5D03100DC1193 /* usage.csv */,
				7FFC9CE623F5D00E00DC1193 /* BarView.swift */,
				7FFC9CE723F5D00E00DC1193 /* StackViewBarChart.swift */,
				7FC2445123E8900300AEEEC4 /* DataHelpers.swift */,
				7F0E028023F30BDE009131E0 /* DataModel.swift */,
			);
			path = Utils;
			sourceTree = "<group>";
		};
		7FFC9CE423F5CFDB00DC1193 /* AppsList */ = {
			isa = PBXGroup;
			children = (
				7FC2445B23E8A9DD00AEEEC4 /* AppList.swift */,
				7FC2445F23E8AA3F00AEEEC4 /* AppsCollectionViewCell.swift */,
			);
			path = AppsList;
			sourceTree = "<group>";
		};
		7FFC9CE523F5CFF400DC1193 /* AppsDetail */ = {
			isa = PBXGroup;
			children = (
				7FC2445D23E8AA0F00AEEEC4 /* DetailViewController.swift */,
				7FF3C81523F46131005DC6D4 /* AppsTableViewCell.swift */,
			);
			path = AppsDetail;
			sourceTree = "<group>";
		};
		82A156B3CA5F425F0364386B /* Frameworks */ = {
			isa = PBXGroup;
			children = (
				1F91D028AFDADEFEB57EC4D0 /* Pods_bienestarDiana.framework */,
			);
			name = Frameworks;
			sourceTree = "<group>";
		};
		FBC26FE68C2994E3E7B47DBB /* Pods */ = {
			isa = PBXGroup;
			children = (
				4B5A6143515343EFB70D2B08 /* Pods-bienestarDiana.debug.xcconfig */,
				0B00D89C42AA8161F3D7901D /* Pods-bienestarDiana.release.xcconfig */,
			);
			path = Pods;
			sourceTree = "<group>";
		};
/* End PBXGroup section */

/* Begin PBXNativeTarget section */
		7F2B25CA23DF628400CE04C9 /* bienestarDiana */ = {
			isa = PBXNativeTarget;
			buildConfigurationList = 7F2B25DD23DF628600CE04C9 /* Build configuration list for PBXNativeTarget "bienestarDiana" */;
			buildPhases = (
				E6EC75F03A7C0F76D6399C9B /* [CP] Check Pods Manifest.lock */,
				7F2B25C723DF628400CE04C9 /* Sources */,
				7F2B25C823DF628400CE04C9 /* Frameworks */,
				7F2B25C923DF628400CE04C9 /* Resources */,
				5781DA397F87BBC10C4C716B /* [CP] Embed Pods Frameworks */,
			);
			buildRules = (
			);
			dependencies = (
			);
			name = bienestarDiana;
			productName = bienestarDiana;
			productReference = 7F2B25CB23DF628400CE04C9 /* bienestarDiana.app */;
			productType = "com.apple.product-type.application";
		};
/* End PBXNativeTarget section */

/* Begin PBXProject section */
		7F2B25C323DF628400CE04C9 /* Project object */ = {
			isa = PBXProject;
			attributes = {
				LastSwiftUpdateCheck = 1020;
				LastUpgradeCheck = 1020;
				ORGANIZATIONNAME = alumnos;
				TargetAttributes = {
					7F2B25CA23DF628400CE04C9 = {
						CreatedOnToolsVersion = 10.2.1;
						LastSwiftMigration = 1020;
					};
				};
			};
			buildConfigurationList = 7F2B25C623DF628400CE04C9 /* Build configuration list for PBXProject "bienestarDiana" */;
			compatibilityVersion = "Xcode 9.3";
			developmentRegion = en;
			hasScannedForEncodings = 0;
			knownRegions = (
				en,
				Base,
			);
			mainGroup = 7F2B25C223DF628400CE04C9;
			productRefGroup = 7F2B25CC23DF628400CE04C9 /* Products */;
			projectDirPath = "";
			projectRoot = "";
			targets = (
				7F2B25CA23DF628400CE04C9 /* bienestarDiana */,
			);
		};
/* End PBXProject section */

/* Begin PBXResourcesBuildPhase section */
		7F2B25C923DF628400CE04C9 /* Resources */ = {
			isa = PBXResourcesBuildPhase;
			buildActionMask = 2147483647;
			files = (
				7F2B25D923DF628600CE04C9 /* LaunchScreen.storyboard in Resources */,
				7F2B25D623DF628600CE04C9 /* Assets.xcassets in Resources */,
				7F2B25D423DF628400CE04C9 /* Main.storyboard in Resources */,
				7F6DFE8823FB070E0033EF3C /* test.png in Resources */,
			);
			runOnlyForDeploymentPostprocessing = 0;
		};
/* End PBXResourcesBuildPhase section */

/* Begin PBXShellScriptBuildPhase section */
		5781DA397F87BBC10C4C716B /* [CP] Embed Pods Frameworks */ = {
			isa = PBXShellScriptBuildPhase;
			buildActionMask = 2147483647;
			files = (
			);
			inputFileListPaths = (
				"${PODS_ROOT}/Target Support Files/Pods-bienestarDiana/Pods-bienestarDiana-frameworks-${CONFIGURATION}-input-files.xcfilelist",
			);
			name = "[CP] Embed Pods Frameworks";
			outputFileListPaths = (
				"${PODS_ROOT}/Target Support Files/Pods-bienestarDiana/Pods-bienestarDiana-frameworks-${CONFIGURATION}-output-files.xcfilelist",
			);
			runOnlyForDeploymentPostprocessing = 0;
			shellPath = /bin/sh;
			shellScript = "\"${PODS_ROOT}/Target Support Files/Pods-bienestarDiana/Pods-bienestarDiana-frameworks.sh\"\n";
			showEnvVarsInLog = 0;
		};
		E6EC75F03A7C0F76D6399C9B /* [CP] Check Pods Manifest.lock */ = {
			isa = PBXShellScriptBuildPhase;
			buildActionMask = 2147483647;
			files = (
			);
			inputFileListPaths = (
			);
			inputPaths = (
				"${PODS_PODFILE_DIR_PATH}/Podfile.lock",
				"${PODS_ROOT}/Manifest.lock",
			);
			name = "[CP] Check Pods Manifest.lock";
			outputFileListPaths = (
			);
			outputPaths = (
				"$(DERIVED_FILE_DIR)/Pods-bienestarDiana-checkManifestLockResult.txt",
			);
			runOnlyForDeploymentPostprocessing = 0;
			shellPath = /bin/sh;
			shellScript = "diff \"${PODS_PODFILE_DIR_PATH}/Podfile.lock\" \"${PODS_ROOT}/Manifest.lock\" > /dev/null\nif [ $? != 0 ] ; then\n    # print error to STDERR\n    echo \"error: The sandbox is not in sync with the Podfile.lock. Run 'pod install' or update your CocoaPods installation.\" >&2\n    exit 1\nfi\n# This output is used by Xcode 'outputs' to avoid re-running this script phase.\necho \"SUCCESS\" > \"${SCRIPT_OUTPUT_FILE_0}\"\n";
			showEnvVarsInLog = 0;
		};
/* End PBXShellScriptBuildPhase section */

/* Begin PBXSourcesBuildPhase section */
		7F2B25C723DF628400CE04C9 /* Sources */ = {
			isa = PBXSourcesBuildPhase;
			buildActionMask = 2147483647;
			files = (
				7FC2445023E88CDE00AEEEC4 /* LoginPageViewController.swift in Sources */,
				7FFC9CE823F5D00E00DC1193 /* BarView.swift in Sources */,
				7FF3C81623F46131005DC6D4 /* AppsTableViewCell.swift in Sources */,
				7FEA9F1C23F1D66200A44702 /* UserProfileViewController.swift in Sources */,
				7F6DFE8623FAFF220033EF3C /* StatisticsController.swift in Sources */,
				7FC2446023E8AA3F00AEEEC4 /* AppsCollectionViewCell.swift in Sources */,
				7FC2445223E8900300AEEEC4 /* DataHelpers.swift in Sources */,
				7F2B25D123DF628400CE04C9 /* ViewController.swift in Sources */,
				7F2B25CF23DF628400CE04C9 /* AppDelegate.swift in Sources */,
				7F0E028123F30BDE009131E0 /* DataModel.swift in Sources */,
				7FC2445623E892CA00AEEEC4 /* RecoverPageViewController.swift in Sources */,
				7FC2445423E8909900AEEEC4 /* RegisterPageViewController.swift in Sources */,
				7FC2445A23E89DB500AEEEC4 /* Register.swift in Sources */,
				7FFC9CE923F5D00E00DC1193 /* StackViewBarChart.swift in Sources */,
				7FC2445E23E8AA0F00AEEEC4 /* DetailViewController.swift in Sources */,
				7FF3C81A23F46E48005DC6D4 /* TimeControllViewController.swift in Sources */,
				7FBCC26823F7169E000C4CE0 /* Control.swift in Sources */,
				7FC2445C23E8A9DD00AEEEC4 /* AppList.swift in Sources */,
				7FC2445823E89C6300AEEEC4 /* User.swift in Sources */,
				7FFC9CDD23F5CBD000DC1193 /* MapViewController.swift in Sources */,
			);
			runOnlyForDeploymentPostprocessing = 0;
		};
/* End PBXSourcesBuildPhase section */

/* Begin PBXVariantGroup section */
		7F2B25D223DF628400CE04C9 /* Main.storyboard */ = {
			isa = PBXVariantGroup;
			children = (
				7F2B25D323DF628400CE04C9 /* Base */,
			);
			name = Main.storyboard;
			sourceTree = "<group>";
		};
		7F2B25D723DF628600CE04C9 /* LaunchScreen.storyboard */ = {
			isa = PBXVariantGroup;
			children = (
				7F2B25D823DF628600CE04C9 /* Base */,
			);
			name = LaunchScreen.storyboard;
			sourceTree = "<group>";
		};
/* End PBXVariantGroup section */

/* Begin XCBuildConfiguration section */
		7F2B25DB23DF628600CE04C9 /* Debug */ = {
			isa = XCBuildConfiguration;
			buildSettings = {
				ALWAYS_SEARCH_USER_PATHS = NO;
				CLANG_ANALYZER_NONNULL = YES;
				CLANG_ANALYZER_NUMBER_OBJECT_CONVERSION = YES_AGGRESSIVE;
				CLANG_CXX_LANGUAGE_STANDARD = "gnu++14";
				CLANG_CXX_LIBRARY = "libc++";
				CLANG_ENABLE_MODULES = YES;
				CLANG_ENABLE_OBJC_ARC = YES;
				CLANG_ENABLE_OBJC_WEAK = YES;
				CLANG_WARN_BLOCK_CAPTURE_AUTORELEASING = YES;
				CLANG_WARN_BOOL_CONVERSION = YES;
				CLANG_WARN_COMMA = YES;
				CLANG_WARN_CONSTANT_CONVERSION = YES;
				CLANG_WARN_DEPRECATED_OBJC_IMPLEMENTATIONS = YES;
				CLANG_WARN_DIRECT_OBJC_ISA_USAGE = YES_ERROR;
				CLANG_WARN_DOCUMENTATION_COMMENTS = YES;
				CLANG_WARN_EMPTY_BODY = YES;
				CLANG_WARN_ENUM_CONVERSION = YES;
				CLANG_WARN_INFINITE_RECURSION = YES;
				CLANG_WARN_INT_CONVERSION = YES;
				CLANG_WARN_NON_LITERAL_NULL_CONVERSION = YES;
				CLANG_WARN_OBJC_IMPLICIT_RETAIN_SELF = YES;
				CLANG_WARN_OBJC_LITERAL_CONVERSION = YES;
				CLANG_WARN_OBJC_ROOT_CLASS = YES_ERROR;
				CLANG_WARN_RANGE_LOOP_ANALYSIS = YES;
				CLANG_WARN_STRICT_PROTOTYPES = YES;
				CLANG_WARN_SUSPICIOUS_MOVE = YES;
				CLANG_WARN_UNGUARDED_AVAILABILITY = YES_AGGRESSIVE;
				CLANG_WARN_UNREACHABLE_CODE = YES;
				CLANG_WARN__DUPLICATE_METHOD_MATCH = YES;
				CODE_SIGN_IDENTITY = "iPhone Developer";
				COPY_PHASE_STRIP = NO;
				DEBUG_INFORMATION_FORMAT = dwarf;
				ENABLE_STRICT_OBJC_MSGSEND = YES;
				ENABLE_TESTABILITY = YES;
				GCC_C_LANGUAGE_STANDARD = gnu11;
				GCC_DYNAMIC_NO_PIC = NO;
				GCC_NO_COMMON_BLOCKS = YES;
				GCC_OPTIMIZATION_LEVEL = 0;
				GCC_PREPROCESSOR_DEFINITIONS = (
					"DEBUG=1",
					"$(inherited)",
				);
				GCC_WARN_64_TO_32_BIT_CONVERSION = YES;
				GCC_WARN_ABOUT_RETURN_TYPE = YES_ERROR;
				GCC_WARN_UNDECLARED_SELECTOR = YES;
				GCC_WARN_UNINITIALIZED_AUTOS = YES_AGGRESSIVE;
				GCC_WARN_UNUSED_FUNCTION = YES;
				GCC_WARN_UNUSED_VARIABLE = YES;
				IPHONEOS_DEPLOYMENT_TARGET = 12.2;
				MTL_ENABLE_DEBUG_INFO = INCLUDE_SOURCE;
				MTL_FAST_MATH = YES;
				ONLY_ACTIVE_ARCH = YES;
				SDKROOT = iphoneos;
				SWIFT_ACTIVE_COMPILATION_CONDITIONS = DEBUG;
				SWIFT_OPTIMIZATION_LEVEL = "-Onone";
			};
			name = Debug;
		};
		7F2B25DC23DF628600CE04C9 /* Release */ = {
			isa = XCBuildConfiguration;
			buildSettings = {
				ALWAYS_SEARCH_USER_PATHS = NO;
				CLANG_ANALYZER_NONNULL = YES;
				CLANG_ANALYZER_NUMBER_OBJECT_CONVERSION = YES_AGGRESSIVE;
				CLANG_CXX_LANGUAGE_STANDARD = "gnu++14";
				CLANG_CXX_LIBRARY = "libc++";
				CLANG_ENABLE_MODULES = YES;
				CLANG_ENABLE_OBJC_ARC = YES;
				CLANG_ENABLE_OBJC_WEAK = YES;
				CLANG_WARN_BLOCK_CAPTURE_AUTORELEASING = YES;
				CLANG_WARN_BOOL_CONVERSION = YES;
				CLANG_WARN_COMMA = YES;
				CLANG_WARN_CONSTANT_CONVERSION = YES;
				CLANG_WARN_DEPRECATED_OBJC_IMPLEMENTATIONS = YES;
				CLANG_WARN_DIRECT_OBJC_ISA_USAGE = YES_ERROR;
				CLANG_WARN_DOCUMENTATION_COMMENTS = YES;
				CLANG_WARN_EMPTY_BODY = YES;
				CLANG_WARN_ENUM_CONVERSION = YES;
				CLANG_WARN_INFINITE_RECURSION = YES;
				CLANG_WARN_INT_CONVERSION = YES;
				CLANG_WARN_NON_LITERAL_NULL_CONVERSION = YES;
				CLANG_WARN_OBJC_IMPLICIT_RETAIN_SELF = YES;
				CLANG_WARN_OBJC_LITERAL_CONVERSION = YES;
				CLANG_WARN_OBJC_ROOT_CLASS = YES_ERROR;
				CLANG_WARN_RANGE_LOOP_ANALYSIS = YES;
				CLANG_WARN_STRICT_PROTOTYPES = YES;
				CLANG_WARN_SUSPICIOUS_MOVE = YES;
				CLANG_WARN_UNGUARDED_AVAILABILITY = YES_AGGRESSIVE;
				CLANG_WARN_UNREACHABLE_CODE = YES;
				CLANG_WARN__DUPLICATE_METHOD_MATCH = YES;
				CODE_SIGN_IDENTITY = "iPhone Developer";
				COPY_PHASE_STRIP = NO;
				DEBUG_INFORMATION_FORMAT = "dwarf-with-dsym";
				ENABLE_NS_ASSERTIONS = NO;
				ENABLE_STRICT_OBJC_MSGSEND = YES;
				GCC_C_LANGUAGE_STANDARD = gnu11;
				GCC_NO_COMMON_BLOCKS = YES;
				GCC_WARN_64_TO_32_BIT_CONVERSION = YES;
				GCC_WARN_ABOUT_RETURN_TYPE = YES_ERROR;
				GCC_WARN_UNDECLARED_SELECTOR = YES;
				GCC_WARN_UNINITIALIZED_AUTOS = YES_AGGRESSIVE;
				GCC_WARN_UNUSED_FUNCTION = YES;
				GCC_WARN_UNUSED_VARIABLE = YES;
				IPHONEOS_DEPLOYMENT_TARGET = 12.2;
				MTL_ENABLE_DEBUG_INFO = NO;
				MTL_FAST_MATH = YES;
				SDKROOT = iphoneos;
				SWIFT_COMPILATION_MODE = wholemodule;
				SWIFT_OPTIMIZATION_LEVEL = "-O";
				VALIDATE_PRODUCT = YES;
			};
			name = Release;
		};
		7F2B25DE23DF628600CE04C9 /* Debug */ = {
			isa = XCBuildConfiguration;
			baseConfigurationReference = 4B5A6143515343EFB70D2B08 /* Pods-bienestarDiana.debug.xcconfig */;
			buildSettings = {
				ASSETCATALOG_COMPILER_APPICON_NAME = AppIcon;
				CLANG_ENABLE_MODULES = YES;
				CODE_SIGN_STYLE = Automatic;
				INFOPLIST_FILE = bienestarDiana/Info.plist;
				LD_RUNPATH_SEARCH_PATHS = (
					"$(inherited)",
					"@executable_path/Frameworks",
				);
				PRODUCT_BUNDLE_IDENTIFIER = ejercicios.bienestarDiana;
				PRODUCT_NAME = "$(TARGET_NAME)";
				SWIFT_OPTIMIZATION_LEVEL = "-Onone";
				SWIFT_VERSION = 5.0;
				TARGETED_DEVICE_FAMILY = "1,2";
			};
			name = Debug;
		};
		7F2B25DF23DF628600CE04C9 /* Release */ = {
			isa = XCBuildConfiguration;
			baseConfigurationReference = 0B00D89C42AA8161F3D7901D /* Pods-bienestarDiana.release.xcconfig */;
			buildSettings = {
				ASSETCATALOG_COMPILER_APPICON_NAME = AppIcon;
				CLANG_ENABLE_MODULES = YES;
				CODE_SIGN_STYLE = Automatic;
				INFOPLIST_FILE = bienestarDiana/Info.plist;
				LD_RUNPATH_SEARCH_PATHS = (
					"$(inherited)",
					"@executable_path/Frameworks",
				);
				PRODUCT_BUNDLE_IDENTIFIER = ejercicios.bienestarDiana;
				PRODUCT_NAME = "$(TARGET_NAME)";
				SWIFT_VERSION = 5.0;
				TARGETED_DEVICE_FAMILY = "1,2";
			};
			name = Release;
		};
/* End XCBuildConfiguration section */

/* Begin XCConfigurationList section */
		7F2B25C623DF628400CE04C9 /* Build configuration list for PBXProject "bienestarDiana" */ = {
			isa = XCConfigurationList;
			buildConfigurations = (
				7F2B25DB23DF628600CE04C9 /* Debug */,
				7F2B25DC23DF628600CE04C9 /* Release */,
			);
			defaultConfigurationIsVisible = 0;
			defaultConfigurationName = Release;
		};
		7F2B25DD23DF628600CE04C9 /* Build configuration list for PBXNativeTarget "bienestarDiana" */ = {
			isa = XCConfigurationList;
			buildConfigurations = (
				7F2B25DE23DF628600CE04C9 /* Debug */,
				7F2B25DF23DF628600CE04C9 /* Release */,
			);
			defaultConfigurationIsVisible = 0;
			defaultConfigurationName = Release;
		};
/* End XCConfigurationList section */
	};
	rootObject = 7F2B25C323DF628400CE04C9 /* Project object */;
}
